
Microsoft Visual Studio Solution File, Format Version 11.00
# Visual Studio 2010
Project("{FAE04EC0-301F-11D3-BF4B-00C04F79EFBC}") = "ELH.Framework", "ELH.Framework\ELH.Framework.csproj", "{ED31A4FC-CE16-4E22-8B7D-F1EE005E5D61}"
EndProject
Project("{FAE04EC0-301F-11D3-BF4B-00C04F79EFBC}") = "ELH.Framework.Tests", "ELH.Framework.Tests\ELH.Framework.Tests.csproj", "{978FFE01-65B2-4D71-AD9F-CBFB3D8B977B}"
EndProject
Global
	GlobalSection(SolutionConfigurationPlatforms) = preSolution
		Debug|Any CPU = Debug|Any CPU
		Release|Any CPU = Release|Any CPU
	EndGlobalSection
	GlobalSection(ProjectConfigurationPlatforms) = postSolution
		{ED31A4FC-CE16-4E22-8B7D-F1EE005E5D61}.Debug|Any CPU.ActiveCfg = Debug|Any CPU
		{ED31A4FC-CE16-4E22-8B7D-F1EE005E5D61}.Debug|Any CPU.Build.0 = Debug|Any CPU
		{ED31A4FC-CE16-4E22-8B7D-F1EE005E5D61}.Release|Any CPU.ActiveCfg = Release|Any CPU
		{ED31A4FC-CE16-4E22-8B7D-F1EE005E5D61}.Release|Any CPU.Build.0 = Release|Any CPU
		{978FFE01-65B2-4D71-AD9F-CBFB3D8B977B}.Debug|Any CPU.ActiveCfg = Debug|Any CPU
		{978FFE01-65B2-4D71-AD9F-CBFB3D8B977B}.Debug|Any CPU.Build.0 = Debug|Any CPU
		{978FFE01-65B2-4D71-AD9F-CBFB3D8B977B}.Release|Any CPU.ActiveCfg = Release|Any CPU
		{978FFE01-65B2-4D71-AD9F-CBFB3D8B977B}.Release|Any CPU.Build.0 = Release|Any CPU
	EndGlobalSection
	GlobalSection(SolutionProperties) = preSolution
		HideSolutionNode = FALSE
	EndGlobalSection
EndGlobal
